
Microsoft Visual Studio Solution File, Format Version 12.00
# Visual Studio Version 17
VisualStudioVersion = 17.0.32126.317
MinimumVisualStudioVersion = 10.0.40219.1
Project("{9A19103F-16F7-4668-BE54-9A1E7A4F7556}") = "Px.Rdf", "Px.Rdf\Px.Rdf.csproj", "{2C3F7401-9DCD-4563-A7EA-EB98CFE868EF}"
EndProject
Project("{FAE04EC0-301F-11D3-BF4B-00C04F79EFBC}") = "TestApp", "TestApp\TestApp.csproj", "{2B620474-1DDF-46EB-95D8-290BD4F76845}"
EndProject
Global
	GlobalSection(SolutionConfigurationPlatforms) = preSolution
		Debug|Any CPU = Debug|Any CPU
		Release|Any CPU = Release|Any CPU
	EndGlobalSection
	GlobalSection(ProjectConfigurationPlatforms) = postSolution
		{2C3F7401-9DCD-4563-A7EA-EB98CFE868EF}.Debug|Any CPU.ActiveCfg = Debug|Any CPU
		{2C3F7401-9DCD-4563-A7EA-EB98CFE868EF}.Debug|Any CPU.Build.0 = Debug|Any CPU
		{2C3F7401-9DCD-4563-A7EA-EB98CFE868EF}.Release|Any CPU.ActiveCfg = Release|Any CPU
		{2C3F7401-9DCD-4563-A7EA-EB98CFE868EF}.Release|Any CPU.Build.0 = Release|Any CPU
		{2B620474-1DDF-46EB-95D8-290BD4F76845}.Debug|Any CPU.ActiveCfg = Debug|Any CPU
		{2B620474-1DDF-46EB-95D8-290BD4F76845}.Debug|Any CPU.Build.0 = Debug|Any CPU
		{2B620474-1DDF-46EB-95D8-290BD4F76845}.Release|Any CPU.ActiveCfg = Release|Any CPU
		{2B620474-1DDF-46EB-95D8-290BD4F76845}.Release|Any CPU.Build.0 = Release|Any CPU
	EndGlobalSection
	GlobalSection(SolutionProperties) = preSolution
		HideSolutionNode = FALSE
	EndGlobalSection
	GlobalSection(ExtensibilityGlobals) = postSolution
		SolutionGuid = {48F4396E-E48C-401F-97AD-9F9A733182C2}
	EndGlobalSection
EndGlobal
